
Microsoft Visual Studio Solution File, Format Version 12.00
# Visual Studio Version 17
VisualStudioVersion = 17.12.35527.113
MinimumVisualStudioVersion = 10.0.40219.1
Project("{2150E333-8FDC-42A3-9474-1A3956D46DE8}") = "src", "src", "{E172D1EC-BBC6-44D8-B70E-C8498AD92B3A}"
EndProject
Project("{2150E333-8FDC-42A3-9474-1A3956D46DE8}") = "test", "test", "{D24D6D46-E19A-4CDB-87B9-2B71560F7D5A}"
EndProject
Project("{2150E333-8FDC-42A3-9474-1A3956D46DE8}") = "MetaModel", "MetaModel", "{926E393F-0BC7-44AA-93B4-15B1642117D8}"
EndProject
Project("{FAE04EC0-301F-11D3-BF4B-00C04F79EFBC}") = "CoreLib", "CoreLib\CoreLib.csproj", "{0F13CAFD-F711-490A-9621-5639D9310D4B}"
EndProject
Project("{FAE04EC0-301F-11D3-BF4B-00C04F79EFBC}") = "CoreLib.Extension", "CoreLib.Extension\CoreLib.Extension.csproj", "{5EBA74BC-A815-48F4-A9BB-254A6EE45A59}"
EndProject
Project("{2150E333-8FDC-42A3-9474-1A3956D46DE8}") = "Platform", "Platform", "{9CD2B015-A2DA-4870-AB57-838631D980DD}"
EndProject
Project("{FAE04EC0-301F-11D3-BF4B-00C04F79EFBC}") = "PilotCanvas", "PilotCanvas\PilotCanvas.csproj", "{3BEE48E0-185C-4F9A-AC10-948666AAD5B9}"
EndProject
Project("{FAE04EC0-301F-11D3-BF4B-00C04F79EFBC}") = "PilotLib", "PilotLib\PilotLib.csproj", "{5A9AEEAC-4B5B-4658-B293-C119BDE16DDA}"
EndProject
Project("{FAE04EC0-301F-11D3-BF4B-00C04F79EFBC}") = "MetaModelTest", "MetaModelTest\MetaModelTest.csproj", "{836CE8D3-E705-4CCC-B9D0-D6EC1271BF03}"
EndProject
Project("{2150E333-8FDC-42A3-9474-1A3956D46DE8}") = "Wiki", "Wiki", "{FA3AB575-04F4-4970-B843-1D1A3FED03B8}"
EndProject
Project("{FAE04EC0-301F-11D3-BF4B-00C04F79EFBC}") = "Doc", "Doc\Doc.csproj", "{2CCDB6B5-3BBC-45C5-A90C-3754D4DFF7DA}"
EndProject
Global
	GlobalSection(SolutionConfigurationPlatforms) = preSolution
		Debug|Any CPU = Debug|Any CPU
		Release|Any CPU = Release|Any CPU
	EndGlobalSection
	GlobalSection(ProjectConfigurationPlatforms) = postSolution
		{0F13CAFD-F711-490A-9621-5639D9310D4B}.Debug|Any CPU.ActiveCfg = Debug|Any CPU
		{0F13CAFD-F711-490A-9621-5639D9310D4B}.Debug|Any CPU.Build.0 = Debug|Any CPU
		{0F13CAFD-F711-490A-9621-5639D9310D4B}.Release|Any CPU.ActiveCfg = Release|Any CPU
		{0F13CAFD-F711-490A-9621-5639D9310D4B}.Release|Any CPU.Build.0 = Release|Any CPU
		{5EBA74BC-A815-48F4-A9BB-254A6EE45A59}.Debug|Any CPU.ActiveCfg = Debug|Any CPU
		{5EBA74BC-A815-48F4-A9BB-254A6EE45A59}.Debug|Any CPU.Build.0 = Debug|Any CPU
		{5EBA74BC-A815-48F4-A9BB-254A6EE45A59}.Release|Any CPU.ActiveCfg = Release|Any CPU
		{5EBA74BC-A815-48F4-A9BB-254A6EE45A59}.Release|Any CPU.Build.0 = Release|Any CPU
		{3BEE48E0-185C-4F9A-AC10-948666AAD5B9}.Debug|Any CPU.ActiveCfg = Debug|Any CPU
		{3BEE48E0-185C-4F9A-AC10-948666AAD5B9}.Debug|Any CPU.Build.0 = Debug|Any CPU
		{3BEE48E0-185C-4F9A-AC10-948666AAD5B9}.Release|Any CPU.ActiveCfg = Release|Any CPU
		{3BEE48E0-185C-4F9A-AC10-948666AAD5B9}.Release|Any CPU.Build.0 = Release|Any CPU
		{5A9AEEAC-4B5B-4658-B293-C119BDE16DDA}.Debug|Any CPU.ActiveCfg = Debug|Any CPU
		{5A9AEEAC-4B5B-4658-B293-C119BDE16DDA}.Debug|Any CPU.Build.0 = Debug|Any CPU
		{5A9AEEAC-4B5B-4658-B293-C119BDE16DDA}.Release|Any CPU.ActiveCfg = Release|Any CPU
		{5A9AEEAC-4B5B-4658-B293-C119BDE16DDA}.Release|Any CPU.Build.0 = Release|Any CPU
		{836CE8D3-E705-4CCC-B9D0-D6EC1271BF03}.Debug|Any CPU.ActiveCfg = Debug|Any CPU
		{836CE8D3-E705-4CCC-B9D0-D6EC1271BF03}.Debug|Any CPU.Build.0 = Debug|Any CPU
		{836CE8D3-E705-4CCC-B9D0-D6EC1271BF03}.Release|Any CPU.ActiveCfg = Release|Any CPU
		{836CE8D3-E705-4CCC-B9D0-D6EC1271BF03}.Release|Any CPU.Build.0 = Release|Any CPU
		{2CCDB6B5-3BBC-45C5-A90C-3754D4DFF7DA}.Debug|Any CPU.ActiveCfg = Debug|Any CPU
		{2CCDB6B5-3BBC-45C5-A90C-3754D4DFF7DA}.Debug|Any CPU.Build.0 = Debug|Any CPU
		{2CCDB6B5-3BBC-45C5-A90C-3754D4DFF7DA}.Release|Any CPU.ActiveCfg = Release|Any CPU
		{2CCDB6B5-3BBC-45C5-A90C-3754D4DFF7DA}.Release|Any CPU.Build.0 = Release|Any CPU
	EndGlobalSection
	GlobalSection(SolutionProperties) = preSolution
		HideSolutionNode = FALSE
	EndGlobalSection
	GlobalSection(NestedProjects) = preSolution
		{926E393F-0BC7-44AA-93B4-15B1642117D8} = {E172D1EC-BBC6-44D8-B70E-C8498AD92B3A}
		{0F13CAFD-F711-490A-9621-5639D9310D4B} = {926E393F-0BC7-44AA-93B4-15B1642117D8}
		{5EBA74BC-A815-48F4-A9BB-254A6EE45A59} = {926E393F-0BC7-44AA-93B4-15B1642117D8}
		{9CD2B015-A2DA-4870-AB57-838631D980DD} = {E172D1EC-BBC6-44D8-B70E-C8498AD92B3A}
		{3BEE48E0-185C-4F9A-AC10-948666AAD5B9} = {9CD2B015-A2DA-4870-AB57-838631D980DD}
		{5A9AEEAC-4B5B-4658-B293-C119BDE16DDA} = {9CD2B015-A2DA-4870-AB57-838631D980DD}
		{836CE8D3-E705-4CCC-B9D0-D6EC1271BF03} = {D24D6D46-E19A-4CDB-87B9-2B71560F7D5A}
		{FA3AB575-04F4-4970-B843-1D1A3FED03B8} = {E172D1EC-BBC6-44D8-B70E-C8498AD92B3A}
		{2CCDB6B5-3BBC-45C5-A90C-3754D4DFF7DA} = {FA3AB575-04F4-4970-B843-1D1A3FED03B8}
	EndGlobalSection
EndGlobal
